
Microsoft Visual Studio Solution File, Format Version 12.00
# Visual Studio Version 16
VisualStudioVersion = 16.0.31829.152
MinimumVisualStudioVersion = 10.0.40219.1
Project("{FAE04EC0-301F-11D3-BF4B-00C04F79EFBC}") = "HW9", "HW9\HW9.csproj", "{5B15338E-199D-4FF2-B337-1C53A436F803}"
EndProject
Global
	GlobalSection(SolutionConfigurationPlatforms) = preSolution
		Debug|Any CPU = Debug|Any CPU
		Release|Any CPU = Release|Any CPU
	EndGlobalSection
	GlobalSection(ProjectConfigurationPlatforms) = postSolution
		{5B15338E-199D-4FF2-B337-1C53A436F803}.Debug|Any CPU.ActiveCfg = Debug|Any CPU
		{5B15338E-199D-4FF2-B337-1C53A436F803}.Debug|Any CPU.Build.0 = Debug|Any CPU
		{5B15338E-199D-4FF2-B337-1C53A436F803}.Release|Any CPU.ActiveCfg = Release|Any CPU
		{5B15338E-199D-4FF2-B337-1C53A436F803}.Release|Any CPU.Build.0 = Release|Any CPU
	EndGlobalSection
	GlobalSection(SolutionProperties) = preSolution
		HideSolutionNode = FALSE
	EndGlobalSection
	GlobalSection(ExtensibilityGlobals) = postSolution
		SolutionGuid = {876AAECE-252B-4315-B3BB-ACA73FB8DC3C}
	EndGlobalSection
EndGlobal
